
Microsoft Visual Studio Solution File, Format Version 12.00
# Visual Studio Version 17
VisualStudioVersion = 17.0.31903.59
MinimumVisualStudioVersion = 10.0.40219.1
Project("{2150E333-8FDC-42A3-9474-1A3956D46DE8}") = "Class", "Class", "{619BA216-7D54-68E0-3207-78778F1A2F23}"
EndProject
Project("{2150E333-8FDC-42A3-9474-1A3956D46DE8}") = "DependencyInjectionApp", "DependencyInjectionApp", "{26279918-CB07-A3AE-623B-9FDA6998788A}"
EndProject
Project("{FAE04EC0-301F-11D3-BF4B-00C04F79EFBC}") = "DependencyInjectionApp", "Class\DependencyInjectionApp\DependencyInjectionApp\DependencyInjectionApp.csproj", "{9CEB297C-2061-45EC-B946-D4ADFFAE7754}"
EndProject
Project("{2150E333-8FDC-42A3-9474-1A3956D46DE8}") = "MiddlewareApp", "MiddlewareApp", "{0DA19472-2927-59E5-DB3D-EFAA77CACE95}"
EndProject
Project("{FAE04EC0-301F-11D3-BF4B-00C04F79EFBC}") = "MiddlewareApp", "Class\MiddlewareApp\MiddlewareApp\MiddlewareApp.csproj", "{7103D7C6-E1AE-44A8-985A-EB4D11B38011}"
EndProject
Project("{FAE04EC0-301F-11D3-BF4B-00C04F79EFBC}") = "Tuan1", "Class\Tuan1\Tuan1.csproj", "{7E49B018-A6DB-4F65-9C96-BC2ABB5F232A}"
EndProject
Project("{FAE04EC0-301F-11D3-BF4B-00C04F79EFBC}") = "Tuan1_1", "Class\Tuan1_1\Tuan1_1.csproj", "{F3E8B6F9-63DB-4016-AD5E-131D5BC7D2A3}"
EndProject
Project("{FAE04EC0-301F-11D3-BF4B-00C04F79EFBC}") = "Tuan2", "Class\Tuan2\Tuan2.csproj", "{DA7A4D4A-8569-4860-AE8C-4535507D5008}"
EndProject
Project("{2150E333-8FDC-42A3-9474-1A3956D46DE8}") = "Tuan3", "Tuan3", "{38C1469C-D1D7-9FC5-5AE5-3606B754E8B1}"
EndProject
Project("{FAE04EC0-301F-11D3-BF4B-00C04F79EFBC}") = "Tuan3", "Class\Tuan3\Tuan3\Tuan3.csproj", "{E3396DE6-1B9C-4017-AB19-7CF7374C976F}"
EndProject
Project("{2150E333-8FDC-42A3-9474-1A3956D46DE8}") = "Tuan3_1", "Tuan3_1", "{39E07F2E-9136-9AE2-1C61-588B943C4BC4}"
EndProject
Project("{FAE04EC0-301F-11D3-BF4B-00C04F79EFBC}") = "Tuan3_1", "Class\Tuan3_1\Tuan3_1\Tuan3_1.csproj", "{DF0D5A74-F4A0-47B9-A1BA-A73B7437722D}"
EndProject
Project("{2150E333-8FDC-42A3-9474-1A3956D46DE8}") = "Tuan3Cotrollser", "Tuan3Cotrollser", "{5A972748-68D1-D474-4323-A040E626B947}"
EndProject
Project("{FAE04EC0-301F-11D3-BF4B-00C04F79EFBC}") = "Tuan3Cotrollser", "Class\Tuan3Cotrollser\Tuan3Cotrollser\Tuan3Cotrollser.csproj", "{2BE64440-927C-4841-9FDD-56C6D7582813}"
EndProject
Project("{FAE04EC0-301F-11D3-BF4B-00C04F79EFBC}") = "ModelBinding", "Class\Tuan3Cotrollser\ModelBinding\ModelBinding.csproj", "{DEE3DFB2-85F7-42D8-A567-87E357DD8B2E}"
EndProject
Project("{FAE04EC0-301F-11D3-BF4B-00C04F79EFBC}") = "ActionSelctor", "Class\Tuan3Cotrollser\ActionSelctor\ActionSelctor.csproj", "{84E6C575-7541-4F81-BFB9-D9F2BD4B91D7}"
EndProject
Project("{2150E333-8FDC-42A3-9474-1A3956D46DE8}") = "Tuan4View", "Tuan4View", "{AA3BCC0D-20B7-F907-84EC-F9FE8D5D6086}"
EndProject
Project("{FAE04EC0-301F-11D3-BF4B-00C04F79EFBC}") = "HTML_HELPER", "Class\Tuan4View\HTML_HELPER\HTML_HELPER.csproj", "{573C7BB4-E8CD-4B8D-A48C-F5B35F9F80B8}"
EndProject
Project("{FAE04EC0-301F-11D3-BF4B-00C04F79EFBC}") = "Models_View", "Class\Tuan4View\Models_View\Models_View.csproj", "{A9EB9A43-6339-43BE-A337-E36F0CA92283}"
EndProject
Project("{FAE04EC0-301F-11D3-BF4B-00C04F79EFBC}") = "Razor_View", "Class\Tuan4View\Razor_View\Razor_View.csproj", "{7B530E8C-F1FE-4804-BCF3-82C25DE1469B}"
EndProject
Project("{FAE04EC0-301F-11D3-BF4B-00C04F79EFBC}") = "DataTranfer", "Class\Tuan4View\ViewBag\DataTranfer.csproj", "{902C0F0C-F9D5-4138-8D44-289CED1BBCFF}"
EndProject
Project("{FAE04EC0-301F-11D3-BF4B-00C04F79EFBC}") = "Test1", "Class\Test1\Test1.csproj", "{129BE821-CB62-465D-A845-58AB5279E671}"
EndProject
Global
	GlobalSection(SolutionConfigurationPlatforms) = preSolution
		Debug|Any CPU = Debug|Any CPU
		Debug|x64 = Debug|x64
		Debug|x86 = Debug|x86
		Release|Any CPU = Release|Any CPU
		Release|x64 = Release|x64
		Release|x86 = Release|x86
	EndGlobalSection
	GlobalSection(ProjectConfigurationPlatforms) = postSolution
		{9CEB297C-2061-45EC-B946-D4ADFFAE7754}.Debug|Any CPU.ActiveCfg = Debug|Any CPU
		{9CEB297C-2061-45EC-B946-D4ADFFAE7754}.Debug|Any CPU.Build.0 = Debug|Any CPU
		{9CEB297C-2061-45EC-B946-D4ADFFAE7754}.Debug|x64.ActiveCfg = Debug|Any CPU
		{9CEB297C-2061-45EC-B946-D4ADFFAE7754}.Debug|x64.Build.0 = Debug|Any CPU
		{9CEB297C-2061-45EC-B946-D4ADFFAE7754}.Debug|x86.ActiveCfg = Debug|Any CPU
		{9CEB297C-2061-45EC-B946-D4ADFFAE7754}.Debug|x86.Build.0 = Debug|Any CPU
		{9CEB297C-2061-45EC-B946-D4ADFFAE7754}.Release|Any CPU.ActiveCfg = Release|Any CPU
		{9CEB297C-2061-45EC-B946-D4ADFFAE7754}.Release|Any CPU.Build.0 = Release|Any CPU
		{9CEB297C-2061-45EC-B946-D4ADFFAE7754}.Release|x64.ActiveCfg = Release|Any CPU
		{9CEB297C-2061-45EC-B946-D4ADFFAE7754}.Release|x64.Build.0 = Release|Any CPU
		{9CEB297C-2061-45EC-B946-D4ADFFAE7754}.Release|x86.ActiveCfg = Release|Any CPU
		{9CEB297C-2061-45EC-B946-D4ADFFAE7754}.Release|x86.Build.0 = Release|Any CPU
		{7103D7C6-E1AE-44A8-985A-EB4D11B38011}.Debug|Any CPU.ActiveCfg = Debug|Any CPU
		{7103D7C6-E1AE-44A8-985A-EB4D11B38011}.Debug|Any CPU.Build.0 = Debug|Any CPU
		{7103D7C6-E1AE-44A8-985A-EB4D11B38011}.Debug|x64.ActiveCfg = Debug|Any CPU
		{7103D7C6-E1AE-44A8-985A-EB4D11B38011}.Debug|x64.Build.0 = Debug|Any CPU
		{7103D7C6-E1AE-44A8-985A-EB4D11B38011}.Debug|x86.ActiveCfg = Debug|Any CPU
		{7103D7C6-E1AE-44A8-985A-EB4D11B38011}.Debug|x86.Build.0 = Debug|Any CPU
		{7103D7C6-E1AE-44A8-985A-EB4D11B38011}.Release|Any CPU.ActiveCfg = Release|Any CPU
		{7103D7C6-E1AE-44A8-985A-EB4D11B38011}.Release|Any CPU.Build.0 = Release|Any CPU
		{7103D7C6-E1AE-44A8-985A-EB4D11B38011}.Release|x64.ActiveCfg = Release|Any CPU
		{7103D7C6-E1AE-44A8-985A-EB4D11B38011}.Release|x64.Build.0 = Release|Any CPU
		{7103D7C6-E1AE-44A8-985A-EB4D11B38011}.Release|x86.ActiveCfg = Release|Any CPU
		{7103D7C6-E1AE-44A8-985A-EB4D11B38011}.Release|x86.Build.0 = Release|Any CPU
		{7E49B018-A6DB-4F65-9C96-BC2ABB5F232A}.Debug|Any CPU.ActiveCfg = Debug|Any CPU
		{7E49B018-A6DB-4F65-9C96-BC2ABB5F232A}.Debug|Any CPU.Build.0 = Debug|Any CPU
		{7E49B018-A6DB-4F65-9C96-BC2ABB5F232A}.Debug|x64.ActiveCfg = Debug|Any CPU
		{7E49B018-A6DB-4F65-9C96-BC2ABB5F232A}.Debug|x64.Build.0 = Debug|Any CPU
		{7E49B018-A6DB-4F65-9C96-BC2ABB5F232A}.Debug|x86.ActiveCfg = Debug|Any CPU
		{7E49B018-A6DB-4F65-9C96-BC2ABB5F232A}.Debug|x86.Build.0 = Debug|Any CPU
		{7E49B018-A6DB-4F65-9C96-BC2ABB5F232A}.Release|Any CPU.ActiveCfg = Release|Any CPU
		{7E49B018-A6DB-4F65-9C96-BC2ABB5F232A}.Release|Any CPU.Build.0 = Release|Any CPU
		{7E49B018-A6DB-4F65-9C96-BC2ABB5F232A}.Release|x64.ActiveCfg = Release|Any CPU
		{7E49B018-A6DB-4F65-9C96-BC2ABB5F232A}.Release|x64.Build.0 = Release|Any CPU
		{7E49B018-A6DB-4F65-9C96-BC2ABB5F232A}.Release|x86.ActiveCfg = Release|Any CPU
		{7E49B018-A6DB-4F65-9C96-BC2ABB5F232A}.Release|x86.Build.0 = Release|Any CPU
		{F3E8B6F9-63DB-4016-AD5E-131D5BC7D2A3}.Debug|Any CPU.ActiveCfg = Debug|Any CPU
		{F3E8B6F9-63DB-4016-AD5E-131D5BC7D2A3}.Debug|Any CPU.Build.0 = Debug|Any CPU
		{F3E8B6F9-63DB-4016-AD5E-131D5BC7D2A3}.Debug|x64.ActiveCfg = Debug|Any CPU
		{F3E8B6F9-63DB-4016-AD5E-131D5BC7D2A3}.Debug|x64.Build.0 = Debug|Any CPU
		{F3E8B6F9-63DB-4016-AD5E-131D5BC7D2A3}.Debug|x86.ActiveCfg = Debug|Any CPU
		{F3E8B6F9-63DB-4016-AD5E-131D5BC7D2A3}.Debug|x86.Build.0 = Debug|Any CPU
		{F3E8B6F9-63DB-4016-AD5E-131D5BC7D2A3}.Release|Any CPU.ActiveCfg = Release|Any CPU
		{F3E8B6F9-63DB-4016-AD5E-131D5BC7D2A3}.Release|Any CPU.Build.0 = Release|Any CPU
		{F3E8B6F9-63DB-4016-AD5E-131D5BC7D2A3}.Release|x64.ActiveCfg = Release|Any CPU
		{F3E8B6F9-63DB-4016-AD5E-131D5BC7D2A3}.Release|x64.Build.0 = Release|Any CPU
		{F3E8B6F9-63DB-4016-AD5E-131D5BC7D2A3}.Release|x86.ActiveCfg = Release|Any CPU
		{F3E8B6F9-63DB-4016-AD5E-131D5BC7D2A3}.Release|x86.Build.0 = Release|Any CPU
		{DA7A4D4A-8569-4860-AE8C-4535507D5008}.Debug|Any CPU.ActiveCfg = Debug|Any CPU
		{DA7A4D4A-8569-4860-AE8C-4535507D5008}.Debug|Any CPU.Build.0 = Debug|Any CPU
		{DA7A4D4A-8569-4860-AE8C-4535507D5008}.Debug|x64.ActiveCfg = Debug|Any CPU
		{DA7A4D4A-8569-4860-AE8C-4535507D5008}.Debug|x64.Build.0 = Debug|Any CPU
		{DA7A4D4A-8569-4860-AE8C-4535507D5008}.Debug|x86.ActiveCfg = Debug|Any CPU
		{DA7A4D4A-8569-4860-AE8C-4535507D5008}.Debug|x86.Build.0 = Debug|Any CPU
		{DA7A4D4A-8569-4860-AE8C-4535507D5008}.Release|Any CPU.ActiveCfg = Release|Any CPU
		{DA7A4D4A-8569-4860-AE8C-4535507D5008}.Release|Any CPU.Build.0 = Release|Any CPU
		{DA7A4D4A-8569-4860-AE8C-4535507D5008}.Release|x64.ActiveCfg = Release|Any CPU
		{DA7A4D4A-8569-4860-AE8C-4535507D5008}.Release|x64.Build.0 = Release|Any CPU
		{DA7A4D4A-8569-4860-AE8C-4535507D5008}.Release|x86.ActiveCfg = Release|Any CPU
		{DA7A4D4A-8569-4860-AE8C-4535507D5008}.Release|x86.Build.0 = Release|Any CPU
		{E3396DE6-1B9C-4017-AB19-7CF7374C976F}.Debug|Any CPU.ActiveCfg = Debug|Any CPU
		{E3396DE6-1B9C-4017-AB19-7CF7374C976F}.Debug|Any CPU.Build.0 = Debug|Any CPU
		{E3396DE6-1B9C-4017-AB19-7CF7374C976F}.Debug|x64.ActiveCfg = Debug|Any CPU
		{E3396DE6-1B9C-4017-AB19-7CF7374C976F}.Debug|x64.Build.0 = Debug|Any CPU
		{E3396DE6-1B9C-4017-AB19-7CF7374C976F}.Debug|x86.ActiveCfg = Debug|Any CPU
		{E3396DE6-1B9C-4017-AB19-7CF7374C976F}.Debug|x86.Build.0 = Debug|Any CPU
		{E3396DE6-1B9C-4017-AB19-7CF7374C976F}.Release|Any CPU.ActiveCfg = Release|Any CPU
		{E3396DE6-1B9C-4017-AB19-7CF7374C976F}.Release|Any CPU.Build.0 = Release|Any CPU
		{E3396DE6-1B9C-4017-AB19-7CF7374C976F}.Release|x64.ActiveCfg = Release|Any CPU
		{E3396DE6-1B9C-4017-AB19-7CF7374C976F}.Release|x64.Build.0 = Release|Any CPU
		{E3396DE6-1B9C-4017-AB19-7CF7374C976F}.Release|x86.ActiveCfg = Release|Any CPU
		{E3396DE6-1B9C-4017-AB19-7CF7374C976F}.Release|x86.Build.0 = Release|Any CPU
		{DF0D5A74-F4A0-47B9-A1BA-A73B7437722D}.Debug|Any CPU.ActiveCfg = Debug|Any CPU
		{DF0D5A74-F4A0-47B9-A1BA-A73B7437722D}.Debug|Any CPU.Build.0 = Debug|Any CPU
		{DF0D5A74-F4A0-47B9-A1BA-A73B7437722D}.Debug|x64.ActiveCfg = Debug|Any CPU
		{DF0D5A74-F4A0-47B9-A1BA-A73B7437722D}.Debug|x64.Build.0 = Debug|Any CPU
		{DF0D5A74-F4A0-47B9-A1BA-A73B7437722D}.Debug|x86.ActiveCfg = Debug|Any CPU
		{DF0D5A74-F4A0-47B9-A1BA-A73B7437722D}.Debug|x86.Build.0 = Debug|Any CPU
		{DF0D5A74-F4A0-47B9-A1BA-A73B7437722D}.Release|Any CPU.ActiveCfg = Release|Any CPU
		{DF0D5A74-F4A0-47B9-A1BA-A73B7437722D}.Release|Any CPU.Build.0 = Release|Any CPU
		{DF0D5A74-F4A0-47B9-A1BA-A73B7437722D}.Release|x64.ActiveCfg = Release|Any CPU
		{DF0D5A74-F4A0-47B9-A1BA-A73B7437722D}.Release|x64.Build.0 = Release|Any CPU
		{DF0D5A74-F4A0-47B9-A1BA-A73B7437722D}.Release|x86.ActiveCfg = Release|Any CPU
		{DF0D5A74-F4A0-47B9-A1BA-A73B7437722D}.Release|x86.Build.0 = Release|Any CPU
		{2BE64440-927C-4841-9FDD-56C6D7582813}.Debug|Any CPU.ActiveCfg = Debug|Any CPU
		{2BE64440-927C-4841-9FDD-56C6D7582813}.Debug|Any CPU.Build.0 = Debug|Any CPU
		{2BE64440-927C-4841-9FDD-56C6D7582813}.Debug|x64.ActiveCfg = Debug|Any CPU
		{2BE64440-927C-4841-9FDD-56C6D7582813}.Debug|x64.Build.0 = Debug|Any CPU
		{2BE64440-927C-4841-9FDD-56C6D7582813}.Debug|x86.ActiveCfg = Debug|Any CPU
		{2BE64440-927C-4841-9FDD-56C6D7582813}.Debug|x86.Build.0 = Debug|Any CPU
		{2BE64440-927C-4841-9FDD-56C6D7582813}.Release|Any CPU.ActiveCfg = Release|Any CPU
		{2BE64440-927C-4841-9FDD-56C6D7582813}.Release|Any CPU.Build.0 = Release|Any CPU
		{2BE64440-927C-4841-9FDD-56C6D7582813}.Release|x64.ActiveCfg = Release|Any CPU
		{2BE64440-927C-4841-9FDD-56C6D7582813}.Release|x64.Build.0 = Release|Any CPU
		{2BE64440-927C-4841-9FDD-56C6D7582813}.Release|x86.ActiveCfg = Release|Any CPU
		{2BE64440-927C-4841-9FDD-56C6D7582813}.Release|x86.Build.0 = Release|Any CPU
		{DEE3DFB2-85F7-42D8-A567-87E357DD8B2E}.Debug|Any CPU.ActiveCfg = Debug|Any CPU
		{DEE3DFB2-85F7-42D8-A567-87E357DD8B2E}.Debug|Any CPU.Build.0 = Debug|Any CPU
		{DEE3DFB2-85F7-42D8-A567-87E357DD8B2E}.Debug|x64.ActiveCfg = Debug|Any CPU
		{DEE3DFB2-85F7-42D8-A567-87E357DD8B2E}.Debug|x64.Build.0 = Debug|Any CPU
		{DEE3DFB2-85F7-42D8-A567-87E357DD8B2E}.Debug|x86.ActiveCfg = Debug|Any CPU
		{DEE3DFB2-85F7-42D8-A567-87E357DD8B2E}.Debug|x86.Build.0 = Debug|Any CPU
		{DEE3DFB2-85F7-42D8-A567-87E357DD8B2E}.Release|Any CPU.ActiveCfg = Release|Any CPU
		{DEE3DFB2-85F7-42D8-A567-87E357DD8B2E}.Release|Any CPU.Build.0 = Release|Any CPU
		{DEE3DFB2-85F7-42D8-A567-87E357DD8B2E}.Release|x64.ActiveCfg = Release|Any CPU
		{DEE3DFB2-85F7-42D8-A567-87E357DD8B2E}.Release|x64.Build.0 = Release|Any CPU
		{DEE3DFB2-85F7-42D8-A567-87E357DD8B2E}.Release|x86.ActiveCfg = Release|Any CPU
		{DEE3DFB2-85F7-42D8-A567-87E357DD8B2E}.Release|x86.Build.0 = Release|Any CPU
		{84E6C575-7541-4F81-BFB9-D9F2BD4B91D7}.Debug|Any CPU.ActiveCfg = Debug|Any CPU
		{84E6C575-7541-4F81-BFB9-D9F2BD4B91D7}.Debug|Any CPU.Build.0 = Debug|Any CPU
		{84E6C575-7541-4F81-BFB9-D9F2BD4B91D7}.Debug|x64.ActiveCfg = Debug|Any CPU
		{84E6C575-7541-4F81-BFB9-D9F2BD4B91D7}.Debug|x64.Build.0 = Debug|Any CPU
		{84E6C575-7541-4F81-BFB9-D9F2BD4B91D7}.Debug|x86.ActiveCfg = Debug|Any CPU
		{84E6C575-7541-4F81-BFB9-D9F2BD4B91D7}.Debug|x86.Build.0 = Debug|Any CPU
		{84E6C575-7541-4F81-BFB9-D9F2BD4B91D7}.Release|Any CPU.ActiveCfg = Release|Any CPU
		{84E6C575-7541-4F81-BFB9-D9F2BD4B91D7}.Release|Any CPU.Build.0 = Release|Any CPU
		{84E6C575-7541-4F81-BFB9-D9F2BD4B91D7}.Release|x64.ActiveCfg = Release|Any CPU
		{84E6C575-7541-4F81-BFB9-D9F2BD4B91D7}.Release|x64.Build.0 = Release|Any CPU
		{84E6C575-7541-4F81-BFB9-D9F2BD4B91D7}.Release|x86.ActiveCfg = Release|Any CPU
		{84E6C575-7541-4F81-BFB9-D9F2BD4B91D7}.Release|x86.Build.0 = Release|Any CPU
		{573C7BB4-E8CD-4B8D-A48C-F5B35F9F80B8}.Debug|Any CPU.ActiveCfg = Debug|Any CPU
		{573C7BB4-E8CD-4B8D-A48C-F5B35F9F80B8}.Debug|Any CPU.Build.0 = Debug|Any CPU
		{573C7BB4-E8CD-4B8D-A48C-F5B35F9F80B8}.Debug|x64.ActiveCfg = Debug|Any CPU
		{573C7BB4-E8CD-4B8D-A48C-F5B35F9F80B8}.Debug|x64.Build.0 = Debug|Any CPU
		{573C7BB4-E8CD-4B8D-A48C-F5B35F9F80B8}.Debug|x86.ActiveCfg = Debug|Any CPU
		{573C7BB4-E8CD-4B8D-A48C-F5B35F9F80B8}.Debug|x86.Build.0 = Debug|Any CPU
		{573C7BB4-E8CD-4B8D-A48C-F5B35F9F80B8}.Release|Any CPU.ActiveCfg = Release|Any CPU
		{573C7BB4-E8CD-4B8D-A48C-F5B35F9F80B8}.Release|Any CPU.Build.0 = Release|Any CPU
		{573C7BB4-E8CD-4B8D-A48C-F5B35F9F80B8}.Release|x64.ActiveCfg = Release|Any CPU
		{573C7BB4-E8CD-4B8D-A48C-F5B35F9F80B8}.Release|x64.Build.0 = Release|Any CPU
		{573C7BB4-E8CD-4B8D-A48C-F5B35F9F80B8}.Release|x86.ActiveCfg = Release|Any CPU
		{573C7BB4-E8CD-4B8D-A48C-F5B35F9F80B8}.Release|x86.Build.0 = Release|Any CPU
		{A9EB9A43-6339-43BE-A337-E36F0CA92283}.Debug|Any CPU.ActiveCfg = Debug|Any CPU
		{A9EB9A43-6339-43BE-A337-E36F0CA92283}.Debug|Any CPU.Build.0 = Debug|Any CPU
		{A9EB9A43-6339-43BE-A337-E36F0CA92283}.Debug|x64.ActiveCfg = Debug|Any CPU
		{A9EB9A43-6339-43BE-A337-E36F0CA92283}.Debug|x64.Build.0 = Debug|Any CPU
		{A9EB9A43-6339-43BE-A337-E36F0CA92283}.Debug|x86.ActiveCfg = Debug|Any CPU
		{A9EB9A43-6339-43BE-A337-E36F0CA92283}.Debug|x86.Build.0 = Debug|Any CPU
		{A9EB9A43-6339-43BE-A337-E36F0CA92283}.Release|Any CPU.ActiveCfg = Release|Any CPU
		{A9EB9A43-6339-43BE-A337-E36F0CA92283}.Release|Any CPU.Build.0 = Release|Any CPU
		{A9EB9A43-6339-43BE-A337-E36F0CA92283}.Release|x64.ActiveCfg = Release|Any CPU
		{A9EB9A43-6339-43BE-A337-E36F0CA92283}.Release|x64.Build.0 = Release|Any CPU
		{A9EB9A43-6339-43BE-A337-E36F0CA92283}.Release|x86.ActiveCfg = Release|Any CPU
		{A9EB9A43-6339-43BE-A337-E36F0CA92283}.Release|x86.Build.0 = Release|Any CPU
		{7B530E8C-F1FE-4804-BCF3-82C25DE1469B}.Debug|Any CPU.ActiveCfg = Debug|Any CPU
		{7B530E8C-F1FE-4804-BCF3-82C25DE1469B}.Debug|Any CPU.Build.0 = Debug|Any CPU
		{7B530E8C-F1FE-4804-BCF3-82C25DE1469B}.Debug|x64.ActiveCfg = Debug|Any CPU
		{7B530E8C-F1FE-4804-BCF3-82C25DE1469B}.Debug|x64.Build.0 = Debug|Any CPU
		{7B530E8C-F1FE-4804-BCF3-82C25DE1469B}.Debug|x86.ActiveCfg = Debug|Any CPU
		{7B530E8C-F1FE-4804-BCF3-82C25DE1469B}.Debug|x86.Build.0 = Debug|Any CPU
		{7B530E8C-F1FE-4804-BCF3-82C25DE1469B}.Release|Any CPU.ActiveCfg = Release|Any CPU
		{7B530E8C-F1FE-4804-BCF3-82C25DE1469B}.Release|Any CPU.Build.0 = Release|Any CPU
		{7B530E8C-F1FE-4804-BCF3-82C25DE1469B}.Release|x64.ActiveCfg = Release|Any CPU
		{7B530E8C-F1FE-4804-BCF3-82C25DE1469B}.Release|x64.Build.0 = Release|Any CPU
		{7B530E8C-F1FE-4804-BCF3-82C25DE1469B}.Release|x86.ActiveCfg = Release|Any CPU
		{7B530E8C-F1FE-4804-BCF3-82C25DE1469B}.Release|x86.Build.0 = Release|Any CPU
		{902C0F0C-F9D5-4138-8D44-289CED1BBCFF}.Debug|Any CPU.ActiveCfg = Debug|Any CPU
		{902C0F0C-F9D5-4138-8D44-289CED1BBCFF}.Debug|Any CPU.Build.0 = Debug|Any CPU
		{902C0F0C-F9D5-4138-8D44-289CED1BBCFF}.Debug|x64.ActiveCfg = Debug|Any CPU
		{902C0F0C-F9D5-4138-8D44-289CED1BBCFF}.Debug|x64.Build.0 = Debug|Any CPU
		{902C0F0C-F9D5-4138-8D44-289CED1BBCFF}.Debug|x86.ActiveCfg = Debug|Any CPU
		{902C0F0C-F9D5-4138-8D44-289CED1BBCFF}.Debug|x86.Build.0 = Debug|Any CPU
		{902C0F0C-F9D5-4138-8D44-289CED1BBCFF}.Release|Any CPU.ActiveCfg = Release|Any CPU
		{902C0F0C-F9D5-4138-8D44-289CED1BBCFF}.Release|Any CPU.Build.0 = Release|Any CPU
		{902C0F0C-F9D5-4138-8D44-289CED1BBCFF}.Release|x64.ActiveCfg = Release|Any CPU
		{902C0F0C-F9D5-4138-8D44-289CED1BBCFF}.Release|x64.Build.0 = Release|Any CPU
		{902C0F0C-F9D5-4138-8D44-289CED1BBCFF}.Release|x86.ActiveCfg = Release|Any CPU
		{902C0F0C-F9D5-4138-8D44-289CED1BBCFF}.Release|x86.Build.0 = Release|Any CPU
		{129BE821-CB62-465D-A845-58AB5279E671}.Debug|Any CPU.ActiveCfg = Debug|Any CPU
		{129BE821-CB62-465D-A845-58AB5279E671}.Debug|Any CPU.Build.0 = Debug|Any CPU
		{129BE821-CB62-465D-A845-58AB5279E671}.Debug|x64.ActiveCfg = Debug|Any CPU
		{129BE821-CB62-465D-A845-58AB5279E671}.Debug|x64.Build.0 = Debug|Any CPU
		{129BE821-CB62-465D-A845-58AB5279E671}.Debug|x86.ActiveCfg = Debug|Any CPU
		{129BE821-CB62-465D-A845-58AB5279E671}.Debug|x86.Build.0 = Debug|Any CPU
		{129BE821-CB62-465D-A845-58AB5279E671}.Release|Any CPU.ActiveCfg = Release|Any CPU
		{129BE821-CB62-465D-A845-58AB5279E671}.Release|Any CPU.Build.0 = Release|Any CPU
		{129BE821-CB62-465D-A845-58AB5279E671}.Release|x64.ActiveCfg = Release|Any CPU
		{129BE821-CB62-465D-A845-58AB5279E671}.Release|x64.Build.0 = Release|Any CPU
		{129BE821-CB62-465D-A845-58AB5279E671}.Release|x86.ActiveCfg = Release|Any CPU
		{129BE821-CB62-465D-A845-58AB5279E671}.Release|x86.Build.0 = Release|Any CPU
	EndGlobalSection
	GlobalSection(SolutionProperties) = preSolution
		HideSolutionNode = FALSE
	EndGlobalSection
	GlobalSection(NestedProjects) = preSolution
		{26279918-CB07-A3AE-623B-9FDA6998788A} = {619BA216-7D54-68E0-3207-78778F1A2F23}
		{9CEB297C-2061-45EC-B946-D4ADFFAE7754} = {26279918-CB07-A3AE-623B-9FDA6998788A}
		{0DA19472-2927-59E5-DB3D-EFAA77CACE95} = {619BA216-7D54-68E0-3207-78778F1A2F23}
		{7103D7C6-E1AE-44A8-985A-EB4D11B38011} = {0DA19472-2927-59E5-DB3D-EFAA77CACE95}
		{7E49B018-A6DB-4F65-9C96-BC2ABB5F232A} = {619BA216-7D54-68E0-3207-78778F1A2F23}
		{F3E8B6F9-63DB-4016-AD5E-131D5BC7D2A3} = {619BA216-7D54-68E0-3207-78778F1A2F23}
		{DA7A4D4A-8569-4860-AE8C-4535507D5008} = {619BA216-7D54-68E0-3207-78778F1A2F23}
		{38C1469C-D1D7-9FC5-5AE5-3606B754E8B1} = {619BA216-7D54-68E0-3207-78778F1A2F23}
		{E3396DE6-1B9C-4017-AB19-7CF7374C976F} = {38C1469C-D1D7-9FC5-5AE5-3606B754E8B1}
		{39E07F2E-9136-9AE2-1C61-588B943C4BC4} = {619BA216-7D54-68E0-3207-78778F1A2F23}
		{DF0D5A74-F4A0-47B9-A1BA-A73B7437722D} = {39E07F2E-9136-9AE2-1C61-588B943C4BC4}
		{5A972748-68D1-D474-4323-A040E626B947} = {619BA216-7D54-68E0-3207-78778F1A2F23}
		{2BE64440-927C-4841-9FDD-56C6D7582813} = {5A972748-68D1-D474-4323-A040E626B947}
		{DEE3DFB2-85F7-42D8-A567-87E357DD8B2E} = {5A972748-68D1-D474-4323-A040E626B947}
		{84E6C575-7541-4F81-BFB9-D9F2BD4B91D7} = {5A972748-68D1-D474-4323-A040E626B947}
		{AA3BCC0D-20B7-F907-84EC-F9FE8D5D6086} = {619BA216-7D54-68E0-3207-78778F1A2F23}
		{573C7BB4-E8CD-4B8D-A48C-F5B35F9F80B8} = {AA3BCC0D-20B7-F907-84EC-F9FE8D5D6086}
		{A9EB9A43-6339-43BE-A337-E36F0CA92283} = {AA3BCC0D-20B7-F907-84EC-F9FE8D5D6086}
		{7B530E8C-F1FE-4804-BCF3-82C25DE1469B} = {AA3BCC0D-20B7-F907-84EC-F9FE8D5D6086}
		{902C0F0C-F9D5-4138-8D44-289CED1BBCFF} = {AA3BCC0D-20B7-F907-84EC-F9FE8D5D6086}
	EndGlobalSection
	GlobalSection(ExtensibilityGlobals) = postSolution
		SolutionGuid = {50C8FE84-07D0-435D-A134-667626C0B299}
	EndGlobalSection
EndGlobal
