
Microsoft Visual Studio Solution File, Format Version 12.00
# Visual Studio Version 17
VisualStudioVersion = 17.5.2.0
MinimumVisualStudioVersion = 10.0.40219.1
Project("{2150E333-8FDC-42A3-9474-1A3956D46DE8}") = "HomeWork", "HomeWork", "{6871ED73-8B02-28C5-BB0F-0B6B8FBABDB5}"
EndProject
Project("{FAE04EC0-301F-11D3-BF4B-00C04F79EFBC}") = "Lab1.1", "HomeWork\Lab1.1\Lab1.1.csproj", "{6574FEE0-C675-3747-46F0-EA73766ED846}"
EndProject
Project("{FAE04EC0-301F-11D3-BF4B-00C04F79EFBC}") = "Lab1.2", "HomeWork\Lab1.2\Lab1.2.csproj", "{19986E31-812B-4FB4-BB50-AE7538A7DBEA}"
EndProject
Project("{FAE04EC0-301F-11D3-BF4B-00C04F79EFBC}") = "Lab1.3", "HomeWork\Lab1.3\Lab1.3.csproj", "{D0C1F281-99EE-489A-A543-11D9957D820D}"
EndProject
Global
	GlobalSection(SolutionConfigurationPlatforms) = preSolution
		Debug|Any CPU = Debug|Any CPU
		Debug|x64 = Debug|x64
		Debug|x86 = Debug|x86
		Release|Any CPU = Release|Any CPU
		Release|x64 = Release|x64
		Release|x86 = Release|x86
	EndGlobalSection
	GlobalSection(ProjectConfigurationPlatforms) = postSolution
		{6574FEE0-C675-3747-46F0-EA73766ED846}.Debug|Any CPU.ActiveCfg = Debug|Any CPU
		{6574FEE0-C675-3747-46F0-EA73766ED846}.Debug|Any CPU.Build.0 = Debug|Any CPU
		{6574FEE0-C675-3747-46F0-EA73766ED846}.Debug|x64.ActiveCfg = Debug|Any CPU
		{6574FEE0-C675-3747-46F0-EA73766ED846}.Debug|x64.Build.0 = Debug|Any CPU
		{6574FEE0-C675-3747-46F0-EA73766ED846}.Debug|x86.ActiveCfg = Debug|Any CPU
		{6574FEE0-C675-3747-46F0-EA73766ED846}.Debug|x86.Build.0 = Debug|Any CPU
		{6574FEE0-C675-3747-46F0-EA73766ED846}.Release|Any CPU.ActiveCfg = Release|Any CPU
		{6574FEE0-C675-3747-46F0-EA73766ED846}.Release|Any CPU.Build.0 = Release|Any CPU
		{6574FEE0-C675-3747-46F0-EA73766ED846}.Release|x64.ActiveCfg = Release|Any CPU
		{6574FEE0-C675-3747-46F0-EA73766ED846}.Release|x64.Build.0 = Release|Any CPU
		{6574FEE0-C675-3747-46F0-EA73766ED846}.Release|x86.ActiveCfg = Release|Any CPU
		{6574FEE0-C675-3747-46F0-EA73766ED846}.Release|x86.Build.0 = Release|Any CPU
		{19986E31-812B-4FB4-BB50-AE7538A7DBEA}.Debug|Any CPU.ActiveCfg = Debug|Any CPU
		{19986E31-812B-4FB4-BB50-AE7538A7DBEA}.Debug|Any CPU.Build.0 = Debug|Any CPU
		{19986E31-812B-4FB4-BB50-AE7538A7DBEA}.Debug|x64.ActiveCfg = Debug|Any CPU
		{19986E31-812B-4FB4-BB50-AE7538A7DBEA}.Debug|x64.Build.0 = Debug|Any CPU
		{19986E31-812B-4FB4-BB50-AE7538A7DBEA}.Debug|x86.ActiveCfg = Debug|Any CPU
		{19986E31-812B-4FB4-BB50-AE7538A7DBEA}.Debug|x86.Build.0 = Debug|Any CPU
		{19986E31-812B-4FB4-BB50-AE7538A7DBEA}.Release|Any CPU.ActiveCfg = Release|Any CPU
		{19986E31-812B-4FB4-BB50-AE7538A7DBEA}.Release|Any CPU.Build.0 = Release|Any CPU
		{19986E31-812B-4FB4-BB50-AE7538A7DBEA}.Release|x64.ActiveCfg = Release|Any CPU
		{19986E31-812B-4FB4-BB50-AE7538A7DBEA}.Release|x64.Build.0 = Release|Any CPU
		{19986E31-812B-4FB4-BB50-AE7538A7DBEA}.Release|x86.ActiveCfg = Release|Any CPU
		{19986E31-812B-4FB4-BB50-AE7538A7DBEA}.Release|x86.Build.0 = Release|Any CPU
		{D0C1F281-99EE-489A-A543-11D9957D820D}.Debug|Any CPU.ActiveCfg = Debug|Any CPU
		{D0C1F281-99EE-489A-A543-11D9957D820D}.Debug|Any CPU.Build.0 = Debug|Any CPU
		{D0C1F281-99EE-489A-A543-11D9957D820D}.Debug|x64.ActiveCfg = Debug|Any CPU
		{D0C1F281-99EE-489A-A543-11D9957D820D}.Debug|x64.Build.0 = Debug|Any CPU
		{D0C1F281-99EE-489A-A543-11D9957D820D}.Debug|x86.ActiveCfg = Debug|Any CPU
		{D0C1F281-99EE-489A-A543-11D9957D820D}.Debug|x86.Build.0 = Debug|Any CPU
		{D0C1F281-99EE-489A-A543-11D9957D820D}.Release|Any CPU.ActiveCfg = Release|Any CPU
		{D0C1F281-99EE-489A-A543-11D9957D820D}.Release|Any CPU.Build.0 = Release|Any CPU
		{D0C1F281-99EE-489A-A543-11D9957D820D}.Release|x64.ActiveCfg = Release|Any CPU
		{D0C1F281-99EE-489A-A543-11D9957D820D}.Release|x64.Build.0 = Release|Any CPU
		{D0C1F281-99EE-489A-A543-11D9957D820D}.Release|x86.ActiveCfg = Release|Any CPU
		{D0C1F281-99EE-489A-A543-11D9957D820D}.Release|x86.Build.0 = Release|Any CPU
	EndGlobalSection
	GlobalSection(SolutionProperties) = preSolution
		HideSolutionNode = FALSE
	EndGlobalSection
	GlobalSection(NestedProjects) = preSolution
		{6574FEE0-C675-3747-46F0-EA73766ED846} = {6871ED73-8B02-28C5-BB0F-0B6B8FBABDB5}
		{19986E31-812B-4FB4-BB50-AE7538A7DBEA} = {6871ED73-8B02-28C5-BB0F-0B6B8FBABDB5}
		{D0C1F281-99EE-489A-A543-11D9957D820D} = {6871ED73-8B02-28C5-BB0F-0B6B8FBABDB5}
	EndGlobalSection
	GlobalSection(ExtensibilityGlobals) = postSolution
		SolutionGuid = {98ADE1F4-3AEC-4D6F-AD61-29B6E4AE89CB}
	EndGlobalSection
EndGlobal
