
Microsoft Visual Studio Solution File, Format Version 12.00
# Visual Studio Version 17
VisualStudioVersion = 17.0.31903.59
MinimumVisualStudioVersion = 10.0.40219.1
Project("{2150E333-8FDC-42A3-9474-1A3956D46DE8}") = "HomeWork", "HomeWork", "{6871ED73-8B02-28C5-BB0F-0B6B8FBABDB5}"
EndProject
Project("{FAE04EC0-301F-11D3-BF4B-00C04F79EFBC}") = "Lab1_1", "HomeWork\Lab1_1\Lab1_1.csproj", "{7C5E6C2D-0EF8-4822-ACC7-05CC2633E06C}"
EndProject
Project("{FAE04EC0-301F-11D3-BF4B-00C04F79EFBC}") = "tesst", "HomeWork\tesst\tesst.csproj", "{5D16A6FD-7052-4402-892B-E5E713F2C677}"
EndProject
Project("{FAE04EC0-301F-11D3-BF4B-00C04F79EFBC}") = "Lab1_2", "HomeWork\Lab1_2\Lab1_2.csproj", "{9E4FE3F9-0697-4475-9EC7-19268FF367DC}"
EndProject
Global
	GlobalSection(SolutionConfigurationPlatforms) = preSolution
		Debug|Any CPU = Debug|Any CPU
		Debug|x64 = Debug|x64
		Debug|x86 = Debug|x86
		Release|Any CPU = Release|Any CPU
		Release|x64 = Release|x64
		Release|x86 = Release|x86
	EndGlobalSection
	GlobalSection(ProjectConfigurationPlatforms) = postSolution
		{7C5E6C2D-0EF8-4822-ACC7-05CC2633E06C}.Debug|Any CPU.ActiveCfg = Debug|Any CPU
		{7C5E6C2D-0EF8-4822-ACC7-05CC2633E06C}.Debug|Any CPU.Build.0 = Debug|Any CPU
		{7C5E6C2D-0EF8-4822-ACC7-05CC2633E06C}.Debug|x64.ActiveCfg = Debug|Any CPU
		{7C5E6C2D-0EF8-4822-ACC7-05CC2633E06C}.Debug|x64.Build.0 = Debug|Any CPU
		{7C5E6C2D-0EF8-4822-ACC7-05CC2633E06C}.Debug|x86.ActiveCfg = Debug|Any CPU
		{7C5E6C2D-0EF8-4822-ACC7-05CC2633E06C}.Debug|x86.Build.0 = Debug|Any CPU
		{7C5E6C2D-0EF8-4822-ACC7-05CC2633E06C}.Release|Any CPU.ActiveCfg = Release|Any CPU
		{7C5E6C2D-0EF8-4822-ACC7-05CC2633E06C}.Release|Any CPU.Build.0 = Release|Any CPU
		{7C5E6C2D-0EF8-4822-ACC7-05CC2633E06C}.Release|x64.ActiveCfg = Release|Any CPU
		{7C5E6C2D-0EF8-4822-ACC7-05CC2633E06C}.Release|x64.Build.0 = Release|Any CPU
		{7C5E6C2D-0EF8-4822-ACC7-05CC2633E06C}.Release|x86.ActiveCfg = Release|Any CPU
		{7C5E6C2D-0EF8-4822-ACC7-05CC2633E06C}.Release|x86.Build.0 = Release|Any CPU
		{5D16A6FD-7052-4402-892B-E5E713F2C677}.Debug|Any CPU.ActiveCfg = Debug|Any CPU
		{5D16A6FD-7052-4402-892B-E5E713F2C677}.Debug|Any CPU.Build.0 = Debug|Any CPU
		{5D16A6FD-7052-4402-892B-E5E713F2C677}.Debug|x64.ActiveCfg = Debug|Any CPU
		{5D16A6FD-7052-4402-892B-E5E713F2C677}.Debug|x64.Build.0 = Debug|Any CPU
		{5D16A6FD-7052-4402-892B-E5E713F2C677}.Debug|x86.ActiveCfg = Debug|Any CPU
		{5D16A6FD-7052-4402-892B-E5E713F2C677}.Debug|x86.Build.0 = Debug|Any CPU
		{5D16A6FD-7052-4402-892B-E5E713F2C677}.Release|Any CPU.ActiveCfg = Release|Any CPU
		{5D16A6FD-7052-4402-892B-E5E713F2C677}.Release|Any CPU.Build.0 = Release|Any CPU
		{5D16A6FD-7052-4402-892B-E5E713F2C677}.Release|x64.ActiveCfg = Release|Any CPU
		{5D16A6FD-7052-4402-892B-E5E713F2C677}.Release|x64.Build.0 = Release|Any CPU
		{5D16A6FD-7052-4402-892B-E5E713F2C677}.Release|x86.ActiveCfg = Release|Any CPU
		{5D16A6FD-7052-4402-892B-E5E713F2C677}.Release|x86.Build.0 = Release|Any CPU
		{9E4FE3F9-0697-4475-9EC7-19268FF367DC}.Debug|Any CPU.ActiveCfg = Debug|Any CPU
		{9E4FE3F9-0697-4475-9EC7-19268FF367DC}.Debug|Any CPU.Build.0 = Debug|Any CPU
		{9E4FE3F9-0697-4475-9EC7-19268FF367DC}.Debug|x64.ActiveCfg = Debug|Any CPU
		{9E4FE3F9-0697-4475-9EC7-19268FF367DC}.Debug|x64.Build.0 = Debug|Any CPU
		{9E4FE3F9-0697-4475-9EC7-19268FF367DC}.Debug|x86.ActiveCfg = Debug|Any CPU
		{9E4FE3F9-0697-4475-9EC7-19268FF367DC}.Debug|x86.Build.0 = Debug|Any CPU
		{9E4FE3F9-0697-4475-9EC7-19268FF367DC}.Release|Any CPU.ActiveCfg = Release|Any CPU
		{9E4FE3F9-0697-4475-9EC7-19268FF367DC}.Release|Any CPU.Build.0 = Release|Any CPU
		{9E4FE3F9-0697-4475-9EC7-19268FF367DC}.Release|x64.ActiveCfg = Release|Any CPU
		{9E4FE3F9-0697-4475-9EC7-19268FF367DC}.Release|x64.Build.0 = Release|Any CPU
		{9E4FE3F9-0697-4475-9EC7-19268FF367DC}.Release|x86.ActiveCfg = Release|Any CPU
		{9E4FE3F9-0697-4475-9EC7-19268FF367DC}.Release|x86.Build.0 = Release|Any CPU
	EndGlobalSection
	GlobalSection(SolutionProperties) = preSolution
		HideSolutionNode = FALSE
	EndGlobalSection
	GlobalSection(NestedProjects) = preSolution
		{7C5E6C2D-0EF8-4822-ACC7-05CC2633E06C} = {6871ED73-8B02-28C5-BB0F-0B6B8FBABDB5}
		{5D16A6FD-7052-4402-892B-E5E713F2C677} = {6871ED73-8B02-28C5-BB0F-0B6B8FBABDB5}
		{9E4FE3F9-0697-4475-9EC7-19268FF367DC} = {6871ED73-8B02-28C5-BB0F-0B6B8FBABDB5}
	EndGlobalSection
EndGlobal
