
Microsoft Visual Studio Solution File, Format Version 12.00
# Visual Studio Version 17
VisualStudioVersion = 17.13.35818.85 d17.13
MinimumVisualStudioVersion = 10.0.40219.1
Project("{FAE04EC0-301F-11D3-BF4B-00C04F79EFBC}") = "Tuan1.1", "Tuan1.1\Tuan1.1.csproj", "{1043233F-9607-48AD-A806-A8FAD4FD8EAD}"
EndProject
Project("{FAE04EC0-301F-11D3-BF4B-00C04F79EFBC}") = "bai2", "bai2\bai2.csproj", "{4B171524-CAC0-485C-AEEA-6A28E6CD87E9}"
EndProject
Global
	GlobalSection(SolutionConfigurationPlatforms) = preSolution
		Debug|Any CPU = Debug|Any CPU
		Release|Any CPU = Release|Any CPU
	EndGlobalSection
	GlobalSection(ProjectConfigurationPlatforms) = postSolution
		{1043233F-9607-48AD-A806-A8FAD4FD8EAD}.Debug|Any CPU.ActiveCfg = Debug|Any CPU
		{1043233F-9607-48AD-A806-A8FAD4FD8EAD}.Debug|Any CPU.Build.0 = Debug|Any CPU
		{1043233F-9607-48AD-A806-A8FAD4FD8EAD}.Release|Any CPU.ActiveCfg = Release|Any CPU
		{1043233F-9607-48AD-A806-A8FAD4FD8EAD}.Release|Any CPU.Build.0 = Release|Any CPU
		{4B171524-CAC0-485C-AEEA-6A28E6CD87E9}.Debug|Any CPU.ActiveCfg = Debug|Any CPU
		{4B171524-CAC0-485C-AEEA-6A28E6CD87E9}.Debug|Any CPU.Build.0 = Debug|Any CPU
		{4B171524-CAC0-485C-AEEA-6A28E6CD87E9}.Release|Any CPU.ActiveCfg = Release|Any CPU
		{4B171524-CAC0-485C-AEEA-6A28E6CD87E9}.Release|Any CPU.Build.0 = Release|Any CPU
	EndGlobalSection
	GlobalSection(SolutionProperties) = preSolution
		HideSolutionNode = FALSE
	EndGlobalSection
	GlobalSection(ExtensibilityGlobals) = postSolution
		SolutionGuid = {0F53E233-23DB-4643-9C5E-771BDEAA4A2E}
	EndGlobalSection
EndGlobal
