
Microsoft Visual Studio Solution File, Format Version 12.00
# Visual Studio Version 17
VisualStudioVersion = 17.13.35818.85 d17.13
MinimumVisualStudioVersion = 10.0.40219.1
Project("{FAE04EC0-301F-11D3-BF4B-00C04F79EFBC}") = "Tuan1", "Tuan1\Tuan1.csproj", "{8493E759-6F5B-4365-9222-82718C92B366}"
EndProject
Project("{FAE04EC0-301F-11D3-BF4B-00C04F79EFBC}") = "Bai1", "Bai1\Bai1.csproj", "{0DEC0DF3-C609-410C-AEEF-4CDCA380CAF9}"
EndProject
Global
	GlobalSection(SolutionConfigurationPlatforms) = preSolution
		Debug|Any CPU = Debug|Any CPU
		Release|Any CPU = Release|Any CPU
	EndGlobalSection
	GlobalSection(ProjectConfigurationPlatforms) = postSolution
		{8493E759-6F5B-4365-9222-82718C92B366}.Debug|Any CPU.ActiveCfg = Debug|Any CPU
		{8493E759-6F5B-4365-9222-82718C92B366}.Debug|Any CPU.Build.0 = Debug|Any CPU
		{8493E759-6F5B-4365-9222-82718C92B366}.Release|Any CPU.ActiveCfg = Release|Any CPU
		{8493E759-6F5B-4365-9222-82718C92B366}.Release|Any CPU.Build.0 = Release|Any CPU
		{0DEC0DF3-C609-410C-AEEF-4CDCA380CAF9}.Debug|Any CPU.ActiveCfg = Debug|Any CPU
		{0DEC0DF3-C609-410C-AEEF-4CDCA380CAF9}.Debug|Any CPU.Build.0 = Debug|Any CPU
		{0DEC0DF3-C609-410C-AEEF-4CDCA380CAF9}.Release|Any CPU.ActiveCfg = Release|Any CPU
		{0DEC0DF3-C609-410C-AEEF-4CDCA380CAF9}.Release|Any CPU.Build.0 = Release|Any CPU
	EndGlobalSection
	GlobalSection(SolutionProperties) = preSolution
		HideSolutionNode = FALSE
	EndGlobalSection
	GlobalSection(ExtensibilityGlobals) = postSolution
		SolutionGuid = {494E1790-CE04-4317-A249-6F4F92223E0A}
	EndGlobalSection
EndGlobal
